# THIS IS AN AUTOGENERATED FILE. DO NOT EDIT THIS FILE DIRECTLY.
# yarn lockfile v1


line-reader@^0.4.0:
  version "0.4.0"
  resolved "https://registry.yarnpkg.com/line-reader/-/line-reader-0.4.0.tgz#17e44818da0ac335675ba300954f94ef670e66fd"
  integrity sha1-F+RIGNoKwzVnW6MAlU+U72cOZv0=

noop-stream@^0.1.0:
  version "0.1.0"
  resolved "https://registry.yarnpkg.com/noop-stream/-/noop-stream-0.1.0.tgz#097b67a7d4d6598899b3e69f6ccf9623e203b235"
  integrity sha512-GyQPM8zEoN9LADidd/DHLbIE8lOyNz+LrNyT9YQjGGu7KGPEvx9PvgRlWhXhvqcBAVKf/SI6k+RzNSy/QUmvZQ==
  dependencies:
    type-fest "^0.5.2"

type-fest@^0.5.2:
  version "0.5.2"
  resolved "https://registry.yarnpkg.com/type-fest/-/type-fest-0.5.2.tgz#d6ef42a0356c6cd45f49485c3b6281fc148e48a2"
  integrity sha512-DWkS49EQKVX//Tbupb9TFa19c7+MK1XmzkrZUR8TAktmE/DizXoaoJV6TZ/tSIPXipqNiRI6CyAe7x69Jb6RSw==
