
Microsoft Visual Studio Solution File, Format Version 11.00
# Visual Studio 2010
Project("{FAE04EC0-301F-11D3-BF4B-00C04F79EFBC}") = "Origam.workflow.mail", "Origam.workflow.mail.csproj", "{5E18CE83-B56F-44D3-A106-99CDAAB33C8B}"
EndProject
Project("{FAE04EC0-301F-11D3-BF4B-00C04F79EFBC}") = "Koolwired.Imap", "..\Koolwired.IMAP\Koolwired.Imap.csproj", "{B383E80F-0B52-48F7-94E1-5F4C2AF74833}"
EndProject
Global
	GlobalSection(SolutionConfigurationPlatforms) = preSolution
		Debug Server|Any CPU = Debug Server|Any CPU
		Debug Server|Mixed Platforms = Debug Server|Mixed Platforms
		Debug Server|x86 = Debug Server|x86
		Debug|Any CPU = Debug|Any CPU
		Debug|Mixed Platforms = Debug|Mixed Platforms
		Debug|x86 = Debug|x86
		Release Server|Any CPU = Release Server|Any CPU
		Release Server|Mixed Platforms = Release Server|Mixed Platforms
		Release Server|x86 = Release Server|x86
		Release|Any CPU = Release|Any CPU
		Release|Mixed Platforms = Release|Mixed Platforms
		Release|x86 = Release|x86
	EndGlobalSection
	GlobalSection(ProjectConfigurationPlatforms) = postSolution
		{5E18CE83-B56F-44D3-A106-99CDAAB33C8B}.Debug Server|Any CPU.ActiveCfg = Debug|Any CPU
		{5E18CE83-B56F-44D3-A106-99CDAAB33C8B}.Debug Server|Any CPU.Build.0 = Debug|Any CPU
		{5E18CE83-B56F-44D3-A106-99CDAAB33C8B}.Debug Server|Mixed Platforms.ActiveCfg = Debug|Any CPU
		{5E18CE83-B56F-44D3-A106-99CDAAB33C8B}.Debug Server|Mixed Platforms.Build.0 = Debug|Any CPU
		{5E18CE83-B56F-44D3-A106-99CDAAB33C8B}.Debug Server|x86.ActiveCfg = Debug|Any CPU
		{5E18CE83-B56F-44D3-A106-99CDAAB33C8B}.Debug|Any CPU.ActiveCfg = Debug|Any CPU
		{5E18CE83-B56F-44D3-A106-99CDAAB33C8B}.Debug|Any CPU.Build.0 = Debug|Any CPU
		{5E18CE83-B56F-44D3-A106-99CDAAB33C8B}.Debug|Mixed Platforms.ActiveCfg = Debug|Any CPU
		{5E18CE83-B56F-44D3-A106-99CDAAB33C8B}.Debug|Mixed Platforms.Build.0 = Debug|Any CPU
		{5E18CE83-B56F-44D3-A106-99CDAAB33C8B}.Debug|x86.ActiveCfg = Debug|Any CPU
		{5E18CE83-B56F-44D3-A106-99CDAAB33C8B}.Release Server|Any CPU.ActiveCfg = Release|Any CPU
		{5E18CE83-B56F-44D3-A106-99CDAAB33C8B}.Release Server|Any CPU.Build.0 = Release|Any CPU
		{5E18CE83-B56F-44D3-A106-99CDAAB33C8B}.Release Server|Mixed Platforms.ActiveCfg = Release|Any CPU
		{5E18CE83-B56F-44D3-A106-99CDAAB33C8B}.Release Server|Mixed Platforms.Build.0 = Release|Any CPU
		{5E18CE83-B56F-44D3-A106-99CDAAB33C8B}.Release Server|x86.ActiveCfg = Release|Any CPU
		{5E18CE83-B56F-44D3-A106-99CDAAB33C8B}.Release|Any CPU.ActiveCfg = Release|Any CPU
		{5E18CE83-B56F-44D3-A106-99CDAAB33C8B}.Release|Any CPU.Build.0 = Release|Any CPU
		{5E18CE83-B56F-44D3-A106-99CDAAB33C8B}.Release|Mixed Platforms.ActiveCfg = Release|Any CPU
		{5E18CE83-B56F-44D3-A106-99CDAAB33C8B}.Release|Mixed Platforms.Build.0 = Release|Any CPU
		{5E18CE83-B56F-44D3-A106-99CDAAB33C8B}.Release|x86.ActiveCfg = Release|Any CPU
		{B383E80F-0B52-48F7-94E1-5F4C2AF74833}.Debug Server|Any CPU.ActiveCfg = Debug|Any CPU
		{B383E80F-0B52-48F7-94E1-5F4C2AF74833}.Debug Server|Any CPU.Build.0 = Debug|Any CPU
		{B383E80F-0B52-48F7-94E1-5F4C2AF74833}.Debug Server|Mixed Platforms.ActiveCfg = Debug|Any CPU
		{B383E80F-0B52-48F7-94E1-5F4C2AF74833}.Debug Server|Mixed Platforms.Build.0 = Debug|Any CPU
		{B383E80F-0B52-48F7-94E1-5F4C2AF74833}.Debug Server|x86.ActiveCfg = Debug|Any CPU
		{B383E80F-0B52-48F7-94E1-5F4C2AF74833}.Debug|Any CPU.ActiveCfg = Debug|Any CPU
		{B383E80F-0B52-48F7-94E1-5F4C2AF74833}.Debug|Any CPU.Build.0 = Debug|Any CPU
		{B383E80F-0B52-48F7-94E1-5F4C2AF74833}.Debug|Mixed Platforms.ActiveCfg = Debug|Any CPU
		{B383E80F-0B52-48F7-94E1-5F4C2AF74833}.Debug|Mixed Platforms.Build.0 = Debug|Any CPU
		{B383E80F-0B52-48F7-94E1-5F4C2AF74833}.Debug|x86.ActiveCfg = Debug|Any CPU
		{B383E80F-0B52-48F7-94E1-5F4C2AF74833}.Release Server|Any CPU.ActiveCfg = Release|Any CPU
		{B383E80F-0B52-48F7-94E1-5F4C2AF74833}.Release Server|Any CPU.Build.0 = Release|Any CPU
		{B383E80F-0B52-48F7-94E1-5F4C2AF74833}.Release Server|Mixed Platforms.ActiveCfg = Release|Any CPU
		{B383E80F-0B52-48F7-94E1-5F4C2AF74833}.Release Server|Mixed Platforms.Build.0 = Release|Any CPU
		{B383E80F-0B52-48F7-94E1-5F4C2AF74833}.Release Server|x86.ActiveCfg = Release|Any CPU
		{B383E80F-0B52-48F7-94E1-5F4C2AF74833}.Release|Any CPU.ActiveCfg = Release|Any CPU
		{B383E80F-0B52-48F7-94E1-5F4C2AF74833}.Release|Any CPU.Build.0 = Release|Any CPU
		{B383E80F-0B52-48F7-94E1-5F4C2AF74833}.Release|Mixed Platforms.ActiveCfg = Release|Any CPU
		{B383E80F-0B52-48F7-94E1-5F4C2AF74833}.Release|Mixed Platforms.Build.0 = Release|Any CPU
		{B383E80F-0B52-48F7-94E1-5F4C2AF74833}.Release|x86.ActiveCfg = Release|Any CPU
	EndGlobalSection
	GlobalSection(SolutionProperties) = preSolution
		HideSolutionNode = FALSE
	EndGlobalSection
EndGlobal
