
Microsoft Visual Studio Solution File, Format Version 11.00
# Visual Studio 2010
Project("{FAE04EC0-301F-11D3-BF4B-00C04F79EFBC}") = "Origam.Workflow.LcsHeliosService", "Origam.Workflow.LcsHeliosService.csproj", "{19B91564-0BDD-4198-A9F8-45D4F667A909}"
EndProject
Global
	GlobalSection(SolutionConfigurationPlatforms) = preSolution
		Debug|Any CPU = Debug|Any CPU
		Release|Any CPU = Release|Any CPU
	EndGlobalSection
	GlobalSection(ProjectConfigurationPlatforms) = postSolution
		{19B91564-0BDD-4198-A9F8-45D4F667A909}.Debug|Any CPU.ActiveCfg = Debug|Any CPU
		{19B91564-0BDD-4198-A9F8-45D4F667A909}.Debug|Any CPU.Build.0 = Debug|Any CPU
		{19B91564-0BDD-4198-A9F8-45D4F667A909}.Release|Any CPU.ActiveCfg = Release|Any CPU
		{19B91564-0BDD-4198-A9F8-45D4F667A909}.Release|Any CPU.Build.0 = Release|Any CPU
	EndGlobalSection
	GlobalSection(SolutionProperties) = preSolution
		HideSolutionNode = FALSE
	EndGlobalSection
EndGlobal
