
Microsoft Visual Studio Solution File, Format Version 12.00
# Visual Studio 2013
VisualStudioVersion = 12.0.31101.0
MinimumVisualStudioVersion = 10.0.40219.1
Project("{FAE04EC0-301F-11D3-BF4B-00C04F79EFBC}") = "Origam.Workflow.NetMembershipService", "Origam.Workflow.NetMembershipService.csproj", "{933A55D3-6641-41DA-BE15-E7AB2840188C}"
EndProject
Project("{FAE04EC0-301F-11D3-BF4B-00C04F79EFBC}") = "NetMembershipTests", "NetMembershipTests\NetMembershipTests.csproj", "{3609D6A7-A076-44AE-976A-276FDFBB846A}"
EndProject
Project("{2150E333-8FDC-42A3-9474-1A3956D46DE8}") = "Solution Items", "Solution Items", "{7FD6DF0E-2488-42E9-BBAD-C6E421C71884}"
	ProjectSection(SolutionItems) = preProject
		Origam.Workflow.NetMembershipService.vsmdi = Origam.Workflow.NetMembershipService.vsmdi
		Local.testsettings = Local.testsettings
		TraceAndTestImpact.testsettings = TraceAndTestImpact.testsettings
	EndProjectSection
EndProject
Global
	GlobalSection(SolutionConfigurationPlatforms) = preSolution
		Debug|Any CPU = Debug|Any CPU
		Release|Any CPU = Release|Any CPU
	EndGlobalSection
	GlobalSection(ProjectConfigurationPlatforms) = postSolution
		{933A55D3-6641-41DA-BE15-E7AB2840188C}.Debug|Any CPU.ActiveCfg = Debug|Any CPU
		{933A55D3-6641-41DA-BE15-E7AB2840188C}.Debug|Any CPU.Build.0 = Debug|Any CPU
		{933A55D3-6641-41DA-BE15-E7AB2840188C}.Release|Any CPU.ActiveCfg = Release|Any CPU
		{933A55D3-6641-41DA-BE15-E7AB2840188C}.Release|Any CPU.Build.0 = Release|Any CPU
		{3609D6A7-A076-44AE-976A-276FDFBB846A}.Debug|Any CPU.ActiveCfg = Debug|Any CPU
		{3609D6A7-A076-44AE-976A-276FDFBB846A}.Debug|Any CPU.Build.0 = Debug|Any CPU
		{3609D6A7-A076-44AE-976A-276FDFBB846A}.Release|Any CPU.ActiveCfg = Release|Any CPU
	EndGlobalSection
	GlobalSection(SolutionProperties) = preSolution
		HideSolutionNode = FALSE
	EndGlobalSection
	GlobalSection(TestCaseManagementSettings) = postSolution
		CategoryFile = Origam.Workflow.NetMembershipService.vsmdi
	EndGlobalSection
EndGlobal
